// !$*UTF8*$!
{
	archiveVersion = 1;
	classes = {
	};
	objectVersion = 46;
	objects = {

/* Begin PBXBuildFile section */
		7700DA7A1C34346800059A73 /* Controller.swift in Sources */ = {isa = PBXBuildFile; fileRef = 7700DA791C34346800059A73 /* Controller.swift */; };
		77133C1B1C2EE9C3000EB7A1 /* Collectable.swift in Sources */ = {isa = PBXBuildFile; fileRef = 77133C1A1C2EE9C3000EB7A1 /* Collectable.swift */; };
		774666CF1C2D74D10043B095 /* AppDelegate.swift in Sources */ = {isa = PBXBuildFile; fileRef = 774666CE1C2D74D10043B095 /* AppDelegate.swift */; };
		774666D11C2D74D10043B095 /* GameScene.swift in Sources */ = {isa = PBXBuildFile; fileRef = 774666D01C2D74D10043B095 /* GameScene.swift */; };
		774666D31C2D74D10043B095 /* GameScene.sks in Resources */ = {isa = PBXBuildFile; fileRef = 774666D21C2D74D10043B095 /* GameScene.sks */; };
		774666D51C2D74D10043B095 /* Assets.xcassets in Resources */ = {isa = PBXBuildFile; fileRef = 774666D41C2D74D10043B095 /* Assets.xcassets */; };
		774666D81C2D74D10043B095 /* MainMenu.xib in Resources */ = {isa = PBXBuildFile; fileRef = 774666D61C2D74D10043B095 /* MainMenu.xib */; };
		774666E11C2D75510043B095 /* Gameboard.swift in Sources */ = {isa = PBXBuildFile; fileRef = 774666E01C2D75510043B095 /* Gameboard.swift */; };
		774666E31C2D798F0043B095 /* Player.swift in Sources */ = {isa = PBXBuildFile; fileRef = 774666E21C2D798F0043B095 /* Player.swift */; };
		778656961C3C1027001C4E32 /* AppDelegate.swift in Sources */ = {isa = PBXBuildFile; fileRef = 778656951C3C1027001C4E32 /* AppDelegate.swift */; };
		7786569C1C3C1027001C4E32 /* GameViewController.swift in Sources */ = {isa = PBXBuildFile; fileRef = 7786569B1C3C1027001C4E32 /* GameViewController.swift */; };
		7786569E1C3C1027001C4E32 /* Game.xcassets in Resources */ = {isa = PBXBuildFile; fileRef = 7786569D1C3C1027001C4E32 /* Game.xcassets */; };
		778656A11C3C1027001C4E32 /* Main.storyboard in Resources */ = {isa = PBXBuildFile; fileRef = 7786569F1C3C1027001C4E32 /* Main.storyboard */; };
		778656A31C3C1027001C4E32 /* Assets.xcassets in Resources */ = {isa = PBXBuildFile; fileRef = 778656A21C3C1027001C4E32 /* Assets.xcassets */; };
		778656A91C3C1225001C4E32 /* GameScene.swift in Sources */ = {isa = PBXBuildFile; fileRef = 774666D01C2D74D10043B095 /* GameScene.swift */; };
		778656AA1C3C1225001C4E32 /* MenuScene.swift in Sources */ = {isa = PBXBuildFile; fileRef = 77FBF05B1C317F040048D24D /* MenuScene.swift */; };
		778656AB1C3C1225001C4E32 /* DialogNode.swift in Sources */ = {isa = PBXBuildFile; fileRef = 77FBF0551C3178370048D24D /* DialogNode.swift */; };
		778656AC1C3C1225001C4E32 /* MainMenu.swift in Sources */ = {isa = PBXBuildFile; fileRef = 77FBF0571C31791A0048D24D /* MainMenu.swift */; };
		778656AD1C3C1225001C4E32 /* MenuItem.swift in Sources */ = {isa = PBXBuildFile; fileRef = 77FBF05E1C3187790048D24D /* MenuItem.swift */; };
		778656AE1C3C1225001C4E32 /* MenuButton.swift in Sources */ = {isa = PBXBuildFile; fileRef = 77FBF0601C3188960048D24D /* MenuButton.swift */; };
		778656AF1C3C1225001C4E32 /* Gameboard.swift in Sources */ = {isa = PBXBuildFile; fileRef = 774666E01C2D75510043B095 /* Gameboard.swift */; };
		778656B01C3C1225001C4E32 /* Player.swift in Sources */ = {isa = PBXBuildFile; fileRef = 774666E21C2D798F0043B095 /* Player.swift */; };
		778656B11C3C1225001C4E32 /* Collectable.swift in Sources */ = {isa = PBXBuildFile; fileRef = 77133C1A1C2EE9C3000EB7A1 /* Collectable.swift */; };
		778656B21C3C1225001C4E32 /* PlayerTiles.swift in Sources */ = {isa = PBXBuildFile; fileRef = 77FBF0511C3176590048D24D /* PlayerTiles.swift */; };
		778656B31C3C1225001C4E32 /* GameOverNode.swift in Sources */ = {isa = PBXBuildFile; fileRef = 77FBF0531C3177CE0048D24D /* GameOverNode.swift */; };
		778656B41C3C1225001C4E32 /* PrepareGameNode.swift in Sources */ = {isa = PBXBuildFile; fileRef = 77F5D1351C31D2B10045A59E /* PrepareGameNode.swift */; };
		77F0A4BF1C3C1B8000C7E950 /* Controller.swift in Sources */ = {isa = PBXBuildFile; fileRef = 7700DA791C34346800059A73 /* Controller.swift */; };
		77F0A4C01C3C6E9100C7E950 /* GameScene.sks in Resources */ = {isa = PBXBuildFile; fileRef = 774666D21C2D74D10043B095 /* GameScene.sks */; };
		77F5D1361C31D2B10045A59E /* PrepareGameNode.swift in Sources */ = {isa = PBXBuildFile; fileRef = 77F5D1351C31D2B10045A59E /* PrepareGameNode.swift */; };
		77FBF0521C3176590048D24D /* PlayerTiles.swift in Sources */ = {isa = PBXBuildFile; fileRef = 77FBF0511C3176590048D24D /* PlayerTiles.swift */; };
		77FBF0541C3177CE0048D24D /* GameOverNode.swift in Sources */ = {isa = PBXBuildFile; fileRef = 77FBF0531C3177CE0048D24D /* GameOverNode.swift */; };
		77FBF0561C3178370048D24D /* DialogNode.swift in Sources */ = {isa = PBXBuildFile; fileRef = 77FBF0551C3178370048D24D /* DialogNode.swift */; };
		77FBF0581C31791A0048D24D /* MainMenu.swift in Sources */ = {isa = PBXBuildFile; fileRef = 77FBF0571C31791A0048D24D /* MainMenu.swift */; };
		77FBF05C1C317F040048D24D /* MenuScene.swift in Sources */ = {isa = PBXBuildFile; fileRef = 77FBF05B1C317F040048D24D /* MenuScene.swift */; };
		77FBF05F1C3187790048D24D /* MenuItem.swift in Sources */ = {isa = PBXBuildFile; fileRef = 77FBF05E1C3187790048D24D /* MenuItem.swift */; };
		77FBF0611C3188960048D24D /* MenuButton.swift in Sources */ = {isa = PBXBuildFile; fileRef = 77FBF0601C3188960048D24D /* MenuButton.swift */; };
		A71620941C439318003C1EE3 /* CollectableManager.swift in Sources */ = {isa = PBXBuildFile; fileRef = A71620931C439318003C1EE3 /* CollectableManager.swift */; };
		A71620951C439318003C1EE3 /* CollectableManager.swift in Sources */ = {isa = PBXBuildFile; fileRef = A71620931C439318003C1EE3 /* CollectableManager.swift */; };
		A71620981C439DEF003C1EE3 /* ItemGrow.swift in Sources */ = {isa = PBXBuildFile; fileRef = A71620971C439DEF003C1EE3 /* ItemGrow.swift */; };
		A71620991C439DEF003C1EE3 /* ItemGrow.swift in Sources */ = {isa = PBXBuildFile; fileRef = A71620971C439DEF003C1EE3 /* ItemGrow.swift */; };
		A716209B1C439E09003C1EE3 /* ItemIncSpeed.swift in Sources */ = {isa = PBXBuildFile; fileRef = A716209A1C439E09003C1EE3 /* ItemIncSpeed.swift */; };
		A716209C1C439E09003C1EE3 /* ItemIncSpeed.swift in Sources */ = {isa = PBXBuildFile; fileRef = A716209A1C439E09003C1EE3 /* ItemIncSpeed.swift */; };
		A716209E1C439E19003C1EE3 /* ItemDecSpeed.swift in Sources */ = {isa = PBXBuildFile; fileRef = A716209D1C439E19003C1EE3 /* ItemDecSpeed.swift */; };
		A716209F1C439E19003C1EE3 /* ItemDecSpeed.swift in Sources */ = {isa = PBXBuildFile; fileRef = A716209D1C439E19003C1EE3 /* ItemDecSpeed.swift */; };
		A71620A41C43A023003C1EE3 /* speeddec.png in Resources */ = {isa = PBXBuildFile; fileRef = A71620A01C43A023003C1EE3 /* speeddec.png */; };
		A71620A51C43A023003C1EE3 /* speeddec.png in Resources */ = {isa = PBXBuildFile; fileRef = A71620A01C43A023003C1EE3 /* speeddec.png */; };
		A71620A81C43A023003C1EE3 /* speedinc.png in Resources */ = {isa = PBXBuildFile; fileRef = A71620A21C43A023003C1EE3 /* speedinc.png */; };
		A71620A91C43A023003C1EE3 /* speedinc.png in Resources */ = {isa = PBXBuildFile; fileRef = A71620A21C43A023003C1EE3 /* speedinc.png */; };
		A71620AD1C43ACE3003C1EE3 /* ItemInvincible.swift in Sources */ = {isa = PBXBuildFile; fileRef = A71620AC1C43ACE3003C1EE3 /* ItemInvincible.swift */; };
		A71620AE1C43ACE3003C1EE3 /* ItemInvincible.swift in Sources */ = {isa = PBXBuildFile; fileRef = A71620AC1C43ACE3003C1EE3 /* ItemInvincible.swift */; };
		A71620B01C43ACF9003C1EE3 /* ItemExtralive.swift in Sources */ = {isa = PBXBuildFile; fileRef = A71620AF1C43ACF9003C1EE3 /* ItemExtralive.swift */; };
		A71620B11C43ACF9003C1EE3 /* ItemExtralive.swift in Sources */ = {isa = PBXBuildFile; fileRef = A71620AF1C43ACF9003C1EE3 /* ItemExtralive.swift */; };
		A71926AD1C40FE0A0094DED8 /* GameKit.framework in Frameworks */ = {isa = PBXBuildFile; fileRef = A71926AC1C40FE0A0094DED8 /* GameKit.framework */; };
		A71926AF1C4100130094DED8 /* GameKit.framework in Frameworks */ = {isa = PBXBuildFile; fileRef = A71926AE1C4100130094DED8 /* GameKit.framework */; };
		A71926B31C41045C0094DED8 /* GameKitManager.swift in Sources */ = {isa = PBXBuildFile; fileRef = A71926B21C41045C0094DED8 /* GameKitManager.swift */; };
		A71926B41C41045C0094DED8 /* GameKitManager.swift in Sources */ = {isa = PBXBuildFile; fileRef = A71926B21C41045C0094DED8 /* GameKitManager.swift */; };
		A71926B61C41087A0094DED8 /* GameKitManagerTv.swift in Sources */ = {isa = PBXBuildFile; fileRef = A71926B51C41087A0094DED8 /* GameKitManagerTv.swift */; };
		A71926B81C41088A0094DED8 /* GameKitManagerOsx.swift in Sources */ = {isa = PBXBuildFile; fileRef = A71926B71C41088A0094DED8 /* GameKitManagerOsx.swift */; };
		A71AA1751C3FE61B00BC484E /* SingleplayerGame.swift in Sources */ = {isa = PBXBuildFile; fileRef = A71AA1741C3FE61B00BC484E /* SingleplayerGame.swift */; };
		A71AA1761C3FE61B00BC484E /* SingleplayerGame.swift in Sources */ = {isa = PBXBuildFile; fileRef = A71AA1741C3FE61B00BC484E /* SingleplayerGame.swift */; };
		A71AA1781C3FE62700BC484E /* MultiplayerGame.swift in Sources */ = {isa = PBXBuildFile; fileRef = A71AA1771C3FE62700BC484E /* MultiplayerGame.swift */; };
		A71AA1791C3FE62700BC484E /* MultiplayerGame.swift in Sources */ = {isa = PBXBuildFile; fileRef = A71AA1771C3FE62700BC484E /* MultiplayerGame.swift */; };
		A71AA17B1C40698000BC484E /* PauseMenuNode.swift in Sources */ = {isa = PBXBuildFile; fileRef = A71AA17A1C40698000BC484E /* PauseMenuNode.swift */; };
		A71AA17C1C40698000BC484E /* PauseMenuNode.swift in Sources */ = {isa = PBXBuildFile; fileRef = A71AA17A1C40698000BC484E /* PauseMenuNode.swift */; };
		A782D8451C4087F300D1704C /* GameController.framework in Frameworks */ = {isa = PBXBuildFile; fileRef = A782D8441C4087F300D1704C /* GameController.framework */; };
		A782D8471C4087FC00D1704C /* GameController.framework in Frameworks */ = {isa = PBXBuildFile; fileRef = A782D8461C4087FC00D1704C /* GameController.framework */; };
		A7F7AAD61C3EBD590031E3A9 /* GameViewOsx.swift in Sources */ = {isa = PBXBuildFile; fileRef = A7F7AAD51C3EBD590031E3A9 /* GameViewOsx.swift */; };
		A7F7AAD81C3EBD650031E3A9 /* GameViewTv.swift in Sources */ = {isa = PBXBuildFile; fileRef = A7F7AAD71C3EBD650031E3A9 /* GameViewTv.swift */; };
		A7F7AADA1C3EC3710031E3A9 /* GameView.swift in Sources */ = {isa = PBXBuildFile; fileRef = A7F7AAD91C3EC3710031E3A9 /* GameView.swift */; };
		A7F7AADB1C3EC3710031E3A9 /* GameView.swift in Sources */ = {isa = PBXBuildFile; fileRef = A7F7AAD91C3EC3710031E3A9 /* GameView.swift */; };
		A7FCD80E1C41764000FC7A55 /* logo.png in Resources */ = {isa = PBXBuildFile; fileRef = A7FCD8081C416AA900FC7A55 /* logo.png */; };
		A7FCD80F1C41764000FC7A55 /* button.png in Resources */ = {isa = PBXBuildFile; fileRef = A7FCD8041C415D3C00FC7A55 /* button.png */; };
		A7FCD8101C41764000FC7A55 /* grow.png in Resources */ = {isa = PBXBuildFile; fileRef = 777F61F61C301A3100664D3C /* grow.png */; };
		A7FCD8111C41764000FC7A55 /* playerHead.png in Resources */ = {isa = PBXBuildFile; fileRef = 777F61F21C3012B900664D3C /* playerHead.png */; };
		A7FCD8121C41764000FC7A55 /* playerTail.png in Resources */ = {isa = PBXBuildFile; fileRef = 777F61F31C3012B900664D3C /* playerTail.png */; };
		A7FCD8131C41764000FC7A55 /* playerTile.png in Resources */ = {isa = PBXBuildFile; fileRef = 777F61F01C3001CA00664D3C /* playerTile.png */; };
		A7FCD8161C41764200FC7A55 /* logo.png in Resources */ = {isa = PBXBuildFile; fileRef = A7FCD8081C416AA900FC7A55 /* logo.png */; };
		A7FCD8171C41764200FC7A55 /* button.png in Resources */ = {isa = PBXBuildFile; fileRef = A7FCD8041C415D3C00FC7A55 /* button.png */; };
		A7FCD8181C41764200FC7A55 /* grow.png in Resources */ = {isa = PBXBuildFile; fileRef = 777F61F61C301A3100664D3C /* grow.png */; };
		A7FCD8191C41764200FC7A55 /* playerHead.png in Resources */ = {isa = PBXBuildFile; fileRef = 777F61F21C3012B900664D3C /* playerHead.png */; };
		A7FCD81A1C41764200FC7A55 /* playerTail.png in Resources */ = {isa = PBXBuildFile; fileRef = 777F61F31C3012B900664D3C /* playerTail.png */; };
		A7FCD81B1C41764200FC7A55 /* playerTile.png in Resources */ = {isa = PBXBuildFile; fileRef = 777F61F01C3001CA00664D3C /* playerTile.png */; };
/* End PBXBuildFile section */

/* Begin PBXFileReference section */
		7700DA791C34346800059A73 /* Controller.swift */ = {isa = PBXFileReference; fileEncoding = 4; lastKnownFileType = sourcecode.swift; name = Controller.swift; path = Controllers/Controller.swift; sourceTree = "<group>"; };
		77133C1A1C2EE9C3000EB7A1 /* Collectable.swift */ = {isa = PBXFileReference; fileEncoding = 4; lastKnownFileType = sourcecode.swift; name = Collectable.swift; path = Nodes/Collectable.swift; sourceTree = "<group>"; };
		774666CB1C2D74D10043B095 /* Wormazing.app */ = {isa = PBXFileReference; explicitFileType = wrapper.application; includeInIndex = 0; path = Wormazing.app; sourceTree = BUILT_PRODUCTS_DIR; };
		774666CE1C2D74D10043B095 /* AppDelegate.swift */ = {isa = PBXFileReference; lastKnownFileType = sourcecode.swift; name = AppDelegate.swift; path = Wormaze/AppDelegate.swift; sourceTree = "<group>"; };
		774666D01C2D74D10043B095 /* GameScene.swift */ = {isa = PBXFileReference; lastKnownFileType = sourcecode.swift; path = GameScene.swift; sourceTree = "<group>"; };
		774666D21C2D74D10043B095 /* GameScene.sks */ = {isa = PBXFileReference; lastKnownFileType = file.sks; path = GameScene.sks; sourceTree = "<group>"; };
		774666D41C2D74D10043B095 /* Assets.xcassets */ = {isa = PBXFileReference; lastKnownFileType = folder.assetcatalog; name = Assets.xcassets; path = Wormaze/Assets.xcassets; sourceTree = "<group>"; };
		774666D71C2D74D10043B095 /* Base */ = {isa = PBXFileReference; lastKnownFileType = file.xib; name = Base; path = Base.lproj/MainMenu.xib; sourceTree = "<group>"; };
		774666D91C2D74D10043B095 /* Info.plist */ = {isa = PBXFileReference; lastKnownFileType = text.plist.xml; name = Info.plist; path = Wormaze/Info.plist; sourceTree = "<group>"; };
		774666E01C2D75510043B095 /* Gameboard.swift */ = {isa = PBXFileReference; fileEncoding = 4; lastKnownFileType = sourcecode.swift; name = Gameboard.swift; path = Nodes/Gameboard.swift; sourceTree = "<group>"; };
		774666E21C2D798F0043B095 /* Player.swift */ = {isa = PBXFileReference; fileEncoding = 4; lastKnownFileType = sourcecode.swift; name = Player.swift; path = Nodes/Player.swift; sourceTree = "<group>"; };
		777F61F01C3001CA00664D3C /* playerTile.png */ = {isa = PBXFileReference; lastKnownFileType = image.png; name = playerTile.png; path = Textures/playerTile.png; sourceTree = "<group>"; };
		777F61F21C3012B900664D3C /* playerHead.png */ = {isa = PBXFileReference; lastKnownFileType = image.png; name = playerHead.png; path = Textures/playerHead.png; sourceTree = "<group>"; };
		777F61F31C3012B900664D3C /* playerTail.png */ = {isa = PBXFileReference; lastKnownFileType = image.png; name = playerTail.png; path = Textures/playerTail.png; sourceTree = "<group>"; };
		777F61F61C301A3100664D3C /* grow.png */ = {isa = PBXFileReference; lastKnownFileType = image.png; name = grow.png; path = Textures/grow.png; sourceTree = "<group>"; };
		777F61F81C30248300664D3C /* grow.svg */ = {isa = PBXFileReference; fileEncoding = 4; lastKnownFileType = text.xml; name = grow.svg; path = Textures/grow.svg; sourceTree = "<group>"; };
		777F61F91C30248300664D3C /* playerHead.svg */ = {isa = PBXFileReference; fileEncoding = 4; lastKnownFileType = text.xml; name = playerHead.svg; path = Textures/playerHead.svg; sourceTree = "<group>"; };
		777F61FA1C30248300664D3C /* playerTail.svg */ = {isa = PBXFileReference; fileEncoding = 4; lastKnownFileType = text.xml; name = playerTail.svg; path = Textures/playerTail.svg; sourceTree = "<group>"; };
		777F61FB1C30248300664D3C /* playerTile.svg */ = {isa = PBXFileReference; fileEncoding = 4; lastKnownFileType = text.xml; name = playerTile.svg; path = Textures/playerTile.svg; sourceTree = "<group>"; };
		778656931C3C1027001C4E32 /* Wormazing-tv.app */ = {isa = PBXFileReference; explicitFileType = wrapper.application; includeInIndex = 0; path = "Wormazing-tv.app"; sourceTree = BUILT_PRODUCTS_DIR; };
		778656951C3C1027001C4E32 /* AppDelegate.swift */ = {isa = PBXFileReference; lastKnownFileType = sourcecode.swift; path = AppDelegate.swift; sourceTree = "<group>"; };
		7786569B1C3C1027001C4E32 /* GameViewController.swift */ = {isa = PBXFileReference; lastKnownFileType = sourcecode.swift; path = GameViewController.swift; sourceTree = "<group>"; };
		7786569D1C3C1027001C4E32 /* Game.xcassets */ = {isa = PBXFileReference; lastKnownFileType = folder.assetcatalog; path = Game.xcassets; sourceTree = "<group>"; };
		778656A01C3C1027001C4E32 /* Base */ = {isa = PBXFileReference; lastKnownFileType = file.storyboard; name = Base; path = Base.lproj/Main.storyboard; sourceTree = "<group>"; };
		778656A21C3C1027001C4E32 /* Assets.xcassets */ = {isa = PBXFileReference; lastKnownFileType = folder.assetcatalog; path = Assets.xcassets; sourceTree = "<group>"; };
		778656A41C3C1027001C4E32 /* Info.plist */ = {isa = PBXFileReference; lastKnownFileType = text.plist.xml; path = Info.plist; sourceTree = "<group>"; };
		77F5D1351C31D2B10045A59E /* PrepareGameNode.swift */ = {isa = PBXFileReference; fileEncoding = 4; lastKnownFileType = sourcecode.swift; name = PrepareGameNode.swift; path = Nodes/PrepareGameNode.swift; sourceTree = "<group>"; };
		77FBF0511C3176590048D24D /* PlayerTiles.swift */ = {isa = PBXFileReference; fileEncoding = 4; lastKnownFileType = sourcecode.swift; name = PlayerTiles.swift; path = Nodes/PlayerTiles.swift; sourceTree = "<group>"; };
		77FBF0531C3177CE0048D24D /* GameOverNode.swift */ = {isa = PBXFileReference; fileEncoding = 4; lastKnownFileType = sourcecode.swift; name = GameOverNode.swift; path = Nodes/GameOverNode.swift; sourceTree = "<group>"; };
		77FBF0551C3178370048D24D /* DialogNode.swift */ = {isa = PBXFileReference; fileEncoding = 4; lastKnownFileType = sourcecode.swift; path = DialogNode.swift; sourceTree = "<group>"; };
		77FBF0571C31791A0048D24D /* MainMenu.swift */ = {isa = PBXFileReference; fileEncoding = 4; lastKnownFileType = sourcecode.swift; path = MainMenu.swift; sourceTree = "<group>"; };
		77FBF05B1C317F040048D24D /* MenuScene.swift */ = {isa = PBXFileReference; fileEncoding = 4; lastKnownFileType = sourcecode.swift; name = MenuScene.swift; path = Scenes/MenuScene.swift; sourceTree = "<group>"; };
		77FBF05E1C3187790048D24D /* MenuItem.swift */ = {isa = PBXFileReference; fileEncoding = 4; lastKnownFileType = sourcecode.swift; path = MenuItem.swift; sourceTree = "<group>"; };
		77FBF0601C3188960048D24D /* MenuButton.swift */ = {isa = PBXFileReference; fileEncoding = 4; lastKnownFileType = sourcecode.swift; name = MenuButton.swift; path = Nodes/MenuButton.swift; sourceTree = "<group>"; };
		A71620931C439318003C1EE3 /* CollectableManager.swift */ = {isa = PBXFileReference; fileEncoding = 4; lastKnownFileType = sourcecode.swift; name = CollectableManager.swift; path = GameLogic/CollectableManager.swift; sourceTree = "<group>"; };
		A71620971C439DEF003C1EE3 /* ItemGrow.swift */ = {isa = PBXFileReference; fileEncoding = 4; lastKnownFileType = sourcecode.swift; name = ItemGrow.swift; path = Nodes/Collectables/ItemGrow.swift; sourceTree = "<group>"; };
		A716209A1C439E09003C1EE3 /* ItemIncSpeed.swift */ = {isa = PBXFileReference; fileEncoding = 4; lastKnownFileType = sourcecode.swift; name = ItemIncSpeed.swift; path = Nodes/Collectables/ItemIncSpeed.swift; sourceTree = "<group>"; };
		A716209D1C439E19003C1EE3 /* ItemDecSpeed.swift */ = {isa = PBXFileReference; fileEncoding = 4; lastKnownFileType = sourcecode.swift; name = ItemDecSpeed.swift; path = Nodes/Collectables/ItemDecSpeed.swift; sourceTree = "<group>"; };
		A71620A01C43A023003C1EE3 /* speeddec.png */ = {isa = PBXFileReference; lastKnownFileType = image.png; name = speeddec.png; path = Textures/speeddec.png; sourceTree = "<group>"; };
		A71620A11C43A023003C1EE3 /* speeddec.svg */ = {isa = PBXFileReference; fileEncoding = 4; lastKnownFileType = text.xml; name = speeddec.svg; path = Textures/speeddec.svg; sourceTree = "<group>"; };
		A71620A21C43A023003C1EE3 /* speedinc.png */ = {isa = PBXFileReference; lastKnownFileType = image.png; name = speedinc.png; path = Textures/speedinc.png; sourceTree = "<group>"; };
		A71620A31C43A023003C1EE3 /* speedinc.svg */ = {isa = PBXFileReference; fileEncoding = 4; lastKnownFileType = text.xml; name = speedinc.svg; path = Textures/speedinc.svg; sourceTree = "<group>"; };
		A71620AC1C43ACE3003C1EE3 /* ItemInvincible.swift */ = {isa = PBXFileReference; fileEncoding = 4; lastKnownFileType = sourcecode.swift; name = ItemInvincible.swift; path = Nodes/Collectables/ItemInvincible.swift; sourceTree = "<group>"; };
		A71620AF1C43ACF9003C1EE3 /* ItemExtralive.swift */ = {isa = PBXFileReference; fileEncoding = 4; lastKnownFileType = sourcecode.swift; name = ItemExtralive.swift; path = Nodes/Collectables/ItemExtralive.swift; sourceTree = "<group>"; };
		A71926AC1C40FE0A0094DED8 /* GameKit.framework */ = {isa = PBXFileReference; lastKnownFileType = wrapper.framework; name = GameKit.framework; path = Platforms/AppleTVOS.platform/Developer/SDKs/AppleTVOS9.1.sdk/System/Library/Frameworks/GameKit.framework; sourceTree = DEVELOPER_DIR; };
		A71926AE1C4100130094DED8 /* GameKit.framework */ = {isa = PBXFileReference; lastKnownFileType = wrapper.framework; name = GameKit.framework; path = System/Library/Frameworks/GameKit.framework; sourceTree = SDKROOT; };
		A71926B01C4100130094DED8 /* Wormazing.entitlements */ = {isa = PBXFileReference; lastKnownFileType = text.xml; name = Wormazing.entitlements; path = "Wormazing-osx/Wormazing.entitlements"; sourceTree = "<group>"; };
		A71926B21C41045C0094DED8 /* GameKitManager.swift */ = {isa = PBXFileReference; fileEncoding = 4; lastKnownFileType = sourcecode.swift; name = GameKitManager.swift; path = GameKit/GameKitManager.swift; sourceTree = "<group>"; };
		A71926B51C41087A0094DED8 /* GameKitManagerTv.swift */ = {isa = PBXFileReference; fileEncoding = 4; lastKnownFileType = sourcecode.swift; path = GameKitManagerTv.swift; sourceTree = "<group>"; };
		A71926B71C41088A0094DED8 /* GameKitManagerOsx.swift */ = {isa = PBXFileReference; fileEncoding = 4; lastKnownFileType = sourcecode.swift; name = GameKitManagerOsx.swift; path = "Wormazing-osx/GameKitManagerOsx.swift"; sourceTree = "<group>"; };
		A71AA1741C3FE61B00BC484E /* SingleplayerGame.swift */ = {isa = PBXFileReference; fileEncoding = 4; lastKnownFileType = sourcecode.swift; name = SingleplayerGame.swift; path = Nodes/SingleplayerGame.swift; sourceTree = "<group>"; };
		A71AA1771C3FE62700BC484E /* MultiplayerGame.swift */ = {isa = PBXFileReference; fileEncoding = 4; lastKnownFileType = sourcecode.swift; path = MultiplayerGame.swift; sourceTree = "<group>"; };
		A71AA17A1C40698000BC484E /* PauseMenuNode.swift */ = {isa = PBXFileReference; fileEncoding = 4; lastKnownFileType = sourcecode.swift; path = PauseMenuNode.swift; sourceTree = "<group>"; };
		A782D8441C4087F300D1704C /* GameController.framework */ = {isa = PBXFileReference; lastKnownFileType = wrapper.framework; name = GameController.framework; path = System/Library/Frameworks/GameController.framework; sourceTree = SDKROOT; };
		A782D8461C4087FC00D1704C /* GameController.framework */ = {isa = PBXFileReference; lastKnownFileType = wrapper.framework; name = GameController.framework; path = Platforms/AppleTVOS.platform/Developer/SDKs/AppleTVOS9.1.sdk/System/Library/Frameworks/GameController.framework; sourceTree = DEVELOPER_DIR; };
		A7F7AAD51C3EBD590031E3A9 /* GameViewOsx.swift */ = {isa = PBXFileReference; fileEncoding = 4; lastKnownFileType = sourcecode.swift; name = GameViewOsx.swift; path = "Wormazing-osx/GameViewOsx.swift"; sourceTree = "<group>"; };
		A7F7AAD71C3EBD650031E3A9 /* GameViewTv.swift */ = {isa = PBXFileReference; fileEncoding = 4; lastKnownFileType = sourcecode.swift; path = GameViewTv.swift; sourceTree = "<group>"; };
		A7F7AAD91C3EC3710031E3A9 /* GameView.swift */ = {isa = PBXFileReference; fileEncoding = 4; lastKnownFileType = sourcecode.swift; path = GameView.swift; sourceTree = "<group>"; };
		A7FCD8041C415D3C00FC7A55 /* button.png */ = {isa = PBXFileReference; lastKnownFileType = image.png; name = button.png; path = Textures/button.png; sourceTree = "<group>"; };
		A7FCD8051C415D3C00FC7A55 /* button.svg */ = {isa = PBXFileReference; fileEncoding = 4; lastKnownFileType = text.xml; name = button.svg; path = Textures/button.svg; sourceTree = "<group>"; };
		A7FCD8081C416AA900FC7A55 /* logo.png */ = {isa = PBXFileReference; lastKnownFileType = image.png; name = logo.png; path = Textures/logo.png; sourceTree = "<group>"; };
		A7FCD8091C416AA900FC7A55 /* logo.svg */ = {isa = PBXFileReference; fileEncoding = 4; lastKnownFileType = text.xml; name = logo.svg; path = Textures/logo.svg; sourceTree = "<group>"; };
/* End PBXFileReference section */

/* Begin PBXFrameworksBuildPhase section */
		774666C81C2D74D10043B095 /* Frameworks */ = {
			isa = PBXFrameworksBuildPhase;
			buildActionMask = 2147483647;
			files = (
				A782D8451C4087F300D1704C /* GameController.framework in Frameworks */,
				A71926AF1C4100130094DED8 /* GameKit.framework in Frameworks */,
			);
			runOnlyForDeploymentPostprocessing = 0;
		};
		778656901C3C1027001C4E32 /* Frameworks */ = {
			isa = PBXFrameworksBuildPhase;
			buildActionMask = 2147483647;
			files = (
				A782D8471C4087FC00D1704C /* GameController.framework in Frameworks */,
				A71926AD1C40FE0A0094DED8 /* GameKit.framework in Frameworks */,
			);
			runOnlyForDeploymentPostprocessing = 0;
		};
/* End PBXFrameworksBuildPhase section */

/* Begin PBXGroup section */
		774666C21C2D74D10043B095 = {
			isa = PBXGroup;
			children = (
				774666CD1C2D74D10043B095 /* Wormazing */,
				778656A81C3C1044001C4E32 /* Wormazing-osx */,
				778656941C3C1027001C4E32 /* Wormazing-tv */,
				A782D8481C40880400D1704C /* Frameworks */,
				774666CC1C2D74D10043B095 /* Products */,
			);
			sourceTree = "<group>";
		};
		774666CC1C2D74D10043B095 /* Products */ = {
			isa = PBXGroup;
			children = (
				774666CB1C2D74D10043B095 /* Wormazing.app */,
				778656931C3C1027001C4E32 /* Wormazing-tv.app */,
			);
			name = Products;
			sourceTree = "<group>";
		};
		774666CD1C2D74D10043B095 /* Wormazing */ = {
			isa = PBXGroup;
			children = (
				77FBF0591C317E940048D24D /* Scenes */,
				774666DF1C2D75190043B095 /* Nodes */,
				A71926B11C4104310094DED8 /* GameLogic */,
				A7F7AAD91C3EC3710031E3A9 /* GameView.swift */,
				77FBF05A1C317EAC0048D24D /* Resources */,
			);
			name = Wormazing;
			path = Wormaze;
			sourceTree = "<group>";
		};
		774666DF1C2D75190043B095 /* Nodes */ = {
			isa = PBXGroup;
			children = (
				77FBF05D1C31875A0048D24D /* Menu */,
				A71620961C439D4D003C1EE3 /* Collectables */,
				774666E21C2D798F0043B095 /* Player.swift */,
				77FBF0511C3176590048D24D /* PlayerTiles.swift */,
				77FBF0531C3177CE0048D24D /* GameOverNode.swift */,
				77F5D1351C31D2B10045A59E /* PrepareGameNode.swift */,
				774666E01C2D75510043B095 /* Gameboard.swift */,
				A71AA1741C3FE61B00BC484E /* SingleplayerGame.swift */,
				A71AA1771C3FE62700BC484E /* MultiplayerGame.swift */,
				A71AA17A1C40698000BC484E /* PauseMenuNode.swift */,
			);
			name = Nodes;
			path = Wormaze;
			sourceTree = SOURCE_ROOT;
		};
		777F61EF1C2FFDA600664D3C /* Textures */ = {
			isa = PBXGroup;
			children = (
				A71620A01C43A023003C1EE3 /* speeddec.png */,
				A71620A11C43A023003C1EE3 /* speeddec.svg */,
				A71620A21C43A023003C1EE3 /* speedinc.png */,
				A71620A31C43A023003C1EE3 /* speedinc.svg */,
				A7FCD8081C416AA900FC7A55 /* logo.png */,
				A7FCD8091C416AA900FC7A55 /* logo.svg */,
				A7FCD8041C415D3C00FC7A55 /* button.png */,
				A7FCD8051C415D3C00FC7A55 /* button.svg */,
				777F61F21C3012B900664D3C /* playerHead.png */,
				777F61F31C3012B900664D3C /* playerTail.png */,
				777F61F01C3001CA00664D3C /* playerTile.png */,
				777F61F81C30248300664D3C /* grow.svg */,
				777F61F61C301A3100664D3C /* grow.png */,
				777F61F91C30248300664D3C /* playerHead.svg */,
				777F61FA1C30248300664D3C /* playerTail.svg */,
				777F61FB1C30248300664D3C /* playerTile.svg */,
			);
			name = Textures;
			sourceTree = "<group>";
		};
		778656941C3C1027001C4E32 /* Wormazing-tv */ = {
			isa = PBXGroup;
			children = (
				778656951C3C1027001C4E32 /* AppDelegate.swift */,
				7786569B1C3C1027001C4E32 /* GameViewController.swift */,
				7786569D1C3C1027001C4E32 /* Game.xcassets */,
				7786569F1C3C1027001C4E32 /* Main.storyboard */,
				778656A21C3C1027001C4E32 /* Assets.xcassets */,
				778656A41C3C1027001C4E32 /* Info.plist */,
				A7F7AAD71C3EBD650031E3A9 /* GameViewTv.swift */,
				A71926B51C41087A0094DED8 /* GameKitManagerTv.swift */,
			);
			path = "Wormazing-tv";
			sourceTree = "<group>";
		};
		778656A81C3C1044001C4E32 /* Wormazing-osx */ = {
			isa = PBXGroup;
			children = (
				A71926B01C4100130094DED8 /* Wormazing.entitlements */,
				774666D41C2D74D10043B095 /* Assets.xcassets */,
				774666D91C2D74D10043B095 /* Info.plist */,
				774666D61C2D74D10043B095 /* MainMenu.xib */,
				774666CE1C2D74D10043B095 /* AppDelegate.swift */,
				A7F7AAD51C3EBD590031E3A9 /* GameViewOsx.swift */,
				A71926B71C41088A0094DED8 /* GameKitManagerOsx.swift */,
			);
			name = "Wormazing-osx";
			sourceTree = "<group>";
		};
		77FBF0591C317E940048D24D /* Scenes */ = {
			isa = PBXGroup;
			children = (
				774666D01C2D74D10043B095 /* GameScene.swift */,
				774666D21C2D74D10043B095 /* GameScene.sks */,
				77FBF05B1C317F040048D24D /* MenuScene.swift */,
			);
			name = Scenes;
			sourceTree = "<group>";
		};
		77FBF05A1C317EAC0048D24D /* Resources */ = {
			isa = PBXGroup;
			children = (
				777F61EF1C2FFDA600664D3C /* Textures */,
			);
			name = Resources;
			sourceTree = "<group>";
		};
		77FBF05D1C31875A0048D24D /* Menu */ = {
			isa = PBXGroup;
			children = (
				77FBF0551C3178370048D24D /* DialogNode.swift */,
				77FBF0571C31791A0048D24D /* MainMenu.swift */,
				77FBF05E1C3187790048D24D /* MenuItem.swift */,
				77FBF0601C3188960048D24D /* MenuButton.swift */,
			);
			name = Menu;
			sourceTree = "<group>";
		};
		A71620961C439D4D003C1EE3 /* Collectables */ = {
			isa = PBXGroup;
			children = (
				77133C1A1C2EE9C3000EB7A1 /* Collectable.swift */,
				A71620971C439DEF003C1EE3 /* ItemGrow.swift */,
				A716209A1C439E09003C1EE3 /* ItemIncSpeed.swift */,
				A716209D1C439E19003C1EE3 /* ItemDecSpeed.swift */,
				A71620AC1C43ACE3003C1EE3 /* ItemInvincible.swift */,
				A71620AF1C43ACF9003C1EE3 /* ItemExtralive.swift */,
			);
			name = Collectables;
			sourceTree = "<group>";
		};
		A71926B11C4104310094DED8 /* GameLogic */ = {
			isa = PBXGroup;
			children = (
				7700DA791C34346800059A73 /* Controller.swift */,
				A71926B21C41045C0094DED8 /* GameKitManager.swift */,
				A71620931C439318003C1EE3 /* CollectableManager.swift */,
			);
			name = GameLogic;
			sourceTree = "<group>";
		};
		A782D8481C40880400D1704C /* Frameworks */ = {
			isa = PBXGroup;
			children = (
				A71926AE1C4100130094DED8 /* GameKit.framework */,
				A71926AC1C40FE0A0094DED8 /* GameKit.framework */,
				A782D8461C4087FC00D1704C /* GameController.framework */,
				A782D8441C4087F300D1704C /* GameController.framework */,
			);
			name = Frameworks;
			sourceTree = "<group>";
		};
/* End PBXGroup section */

/* Begin PBXNativeTarget section */
		774666CA1C2D74D10043B095 /* Wormazing-osx */ = {
			isa = PBXNativeTarget;
			buildConfigurationList = 774666DC1C2D74D10043B095 /* Build configuration list for PBXNativeTarget "Wormazing-osx" */;
			buildPhases = (
				774666C71C2D74D10043B095 /* Sources */,
				774666C81C2D74D10043B095 /* Frameworks */,
				774666C91C2D74D10043B095 /* Resources */,
			);
			buildRules = (
			);
			dependencies = (
			);
			name = "Wormazing-osx";
			productName = Wormaze;
			productReference = 774666CB1C2D74D10043B095 /* Wormazing.app */;
			productType = "com.apple.product-type.application";
		};
		778656921C3C1027001C4E32 /* Wormazing-tv */ = {
			isa = PBXNativeTarget;
			buildConfigurationList = 778656A71C3C1027001C4E32 /* Build configuration list for PBXNativeTarget "Wormazing-tv" */;
			buildPhases = (
				7786568F1C3C1027001C4E32 /* Sources */,
				778656901C3C1027001C4E32 /* Frameworks */,
				778656911C3C1027001C4E32 /* Resources */,
			);
			buildRules = (
			);
			dependencies = (
			);
			name = "Wormazing-tv";
			productName = "Wormazing-tv";
			productReference = 778656931C3C1027001C4E32 /* Wormazing-tv.app */;
			productType = "com.apple.product-type.application";
		};
/* End PBXNativeTarget section */

/* Begin PBXProject section */
		774666C31C2D74D10043B095 /* Project object */ = {
			isa = PBXProject;
			attributes = {
				LastSwiftUpdateCheck = 0710;
				LastUpgradeCheck = 0710;
				ORGANIZATIONNAME = "Oliver Brehm";
				TargetAttributes = {
					774666CA1C2D74D10043B095 = {
						CreatedOnToolsVersion = 7.1;
						DevelopmentTeam = CR6FRMMTU7;
						SystemCapabilities = {
							com.apple.GameCenter = {
								enabled = 1;
							};
							com.apple.Sandbox = {
								enabled = 1;
							};
						};
					};
					778656921C3C1027001C4E32 = {
						CreatedOnToolsVersion = 7.1;
						DevelopmentTeam = CR6FRMMTU7;
						SystemCapabilities = {
							com.apple.GameCenter = {
								enabled = 1;
							};
						};
					};
				};
			};
			buildConfigurationList = 774666C61C2D74D10043B095 /* Build configuration list for PBXProject "Wormazing" */;
			compatibilityVersion = "Xcode 3.2";
			developmentRegion = English;
			hasScannedForEncodings = 0;
			knownRegions = (
				en,
				Base,
			);
			mainGroup = 774666C21C2D74D10043B095;
			productRefGroup = 774666CC1C2D74D10043B095 /* Products */;
			projectDirPath = "";
			projectRoot = "";
			targets = (
				774666CA1C2D74D10043B095 /* Wormazing-osx */,
				778656921C3C1027001C4E32 /* Wormazing-tv */,
			);
		};
/* End PBXProject section */

/* Begin PBXResourcesBuildPhase section */
		774666C91C2D74D10043B095 /* Resources */ = {
			isa = PBXResourcesBuildPhase;
			buildActionMask = 2147483647;
			files = (
				A7FCD8131C41764000FC7A55 /* playerTile.png in Resources */,
				A7FCD8121C41764000FC7A55 /* playerTail.png in Resources */,
				A71620A81C43A023003C1EE3 /* speedinc.png in Resources */,
				A7FCD8101C41764000FC7A55 /* grow.png in Resources */,
				A7FCD80E1C41764000FC7A55 /* logo.png in Resources */,
				A71620A41C43A023003C1EE3 /* speeddec.png in Resources */,
				A7FCD80F1C41764000FC7A55 /* button.png in Resources */,
				774666D51C2D74D10043B095 /* Assets.xcassets in Resources */,
				774666D31C2D74D10043B095 /* GameScene.sks in Resources */,
				774666D81C2D74D10043B095 /* MainMenu.xib in Resources */,
				A7FCD8111C41764000FC7A55 /* playerHead.png in Resources */,
			);
			runOnlyForDeploymentPostprocessing = 0;
		};
		778656911C3C1027001C4E32 /* Resources */ = {
			isa = PBXResourcesBuildPhase;
			buildActionMask = 2147483647;
			files = (
				A71620A51C43A023003C1EE3 /* speeddec.png in Resources */,
				A7FCD8191C41764200FC7A55 /* playerHead.png in Resources */,
				A7FCD8181C41764200FC7A55 /* grow.png in Resources */,
				A7FCD81A1C41764200FC7A55 /* playerTail.png in Resources */,
				77F0A4C01C3C6E9100C7E950 /* GameScene.sks in Resources */,
				A7FCD8171C41764200FC7A55 /* button.png in Resources */,
				A71620A91C43A023003C1EE3 /* speedinc.png in Resources */,
				A7FCD8161C41764200FC7A55 /* logo.png in Resources */,
				A7FCD81B1C41764200FC7A55 /* playerTile.png in Resources */,
				778656A11C3C1027001C4E32 /* Main.storyboard in Resources */,
				778656A31C3C1027001C4E32 /* Assets.xcassets in Resources */,
				7786569E1C3C1027001C4E32 /* Game.xcassets in Resources */,
			);
			runOnlyForDeploymentPostprocessing = 0;
		};
/* End PBXResourcesBuildPhase section */

/* Begin PBXSourcesBuildPhase section */
		774666C71C2D74D10043B095 /* Sources */ = {
			isa = PBXSourcesBuildPhase;
			buildActionMask = 2147483647;
			files = (
				77133C1B1C2EE9C3000EB7A1 /* Collectable.swift in Sources */,
				77FBF0581C31791A0048D24D /* MainMenu.swift in Sources */,
				77F5D1361C31D2B10045A59E /* PrepareGameNode.swift in Sources */,
				A7F7AAD61C3EBD590031E3A9 /* GameViewOsx.swift in Sources */,
				77FBF0561C3178370048D24D /* DialogNode.swift in Sources */,
				A7F7AADA1C3EC3710031E3A9 /* GameView.swift in Sources */,
				A71AA1781C3FE62700BC484E /* MultiplayerGame.swift in Sources */,
				A71926B81C41088A0094DED8 /* GameKitManagerOsx.swift in Sources */,
				774666E31C2D798F0043B095 /* Player.swift in Sources */,
				A71926B31C41045C0094DED8 /* GameKitManager.swift in Sources */,
				77FBF0521C3176590048D24D /* PlayerTiles.swift in Sources */,
				774666D11C2D74D10043B095 /* GameScene.swift in Sources */,
				77FBF0541C3177CE0048D24D /* GameOverNode.swift in Sources */,
				A71AA1751C3FE61B00BC484E /* SingleplayerGame.swift in Sources */,
				77FBF05C1C317F040048D24D /* MenuScene.swift in Sources */,
				A71620AD1C43ACE3003C1EE3 /* ItemInvincible.swift in Sources */,
				A716209E1C439E19003C1EE3 /* ItemDecSpeed.swift in Sources */,
				A71620B01C43ACF9003C1EE3 /* ItemExtralive.swift in Sources */,
				A716209B1C439E09003C1EE3 /* ItemIncSpeed.swift in Sources */,
				77FBF0611C3188960048D24D /* MenuButton.swift in Sources */,
				77FBF05F1C3187790048D24D /* MenuItem.swift in Sources */,
				774666CF1C2D74D10043B095 /* AppDelegate.swift in Sources */,
				A71620981C439DEF003C1EE3 /* ItemGrow.swift in Sources */,
				A71620941C439318003C1EE3 /* CollectableManager.swift in Sources */,
				A71AA17B1C40698000BC484E /* PauseMenuNode.swift in Sources */,
				774666E11C2D75510043B095 /* Gameboard.swift in Sources */,
				7700DA7A1C34346800059A73 /* Controller.swift in Sources */,
			);
			runOnlyForDeploymentPostprocessing = 0;
		};
		7786568F1C3C1027001C4E32 /* Sources */ = {
			isa = PBXSourcesBuildPhase;
			buildActionMask = 2147483647;
			files = (
				77F0A4BF1C3C1B8000C7E950 /* Controller.swift in Sources */,
				A71926B41C41045C0094DED8 /* GameKitManager.swift in Sources */,
				A71AA1791C3FE62700BC484E /* MultiplayerGame.swift in Sources */,
				778656A91C3C1225001C4E32 /* GameScene.swift in Sources */,
				778656AA1C3C1225001C4E32 /* MenuScene.swift in Sources */,
				778656AB1C3C1225001C4E32 /* DialogNode.swift in Sources */,
				778656AC1C3C1225001C4E32 /* MainMenu.swift in Sources */,
				A716209F1C439E19003C1EE3 /* ItemDecSpeed.swift in Sources */,
				A71620AE1C43ACE3003C1EE3 /* ItemInvincible.swift in Sources */,
				778656AD1C3C1225001C4E32 /* MenuItem.swift in Sources */,
				A71AA17C1C40698000BC484E /* PauseMenuNode.swift in Sources */,
				778656AE1C3C1225001C4E32 /* MenuButton.swift in Sources */,
				A7F7AAD81C3EBD650031E3A9 /* GameViewTv.swift in Sources */,
				A71620B11C43ACF9003C1EE3 /* ItemExtralive.swift in Sources */,
				778656AF1C3C1225001C4E32 /* Gameboard.swift in Sources */,
				778656B01C3C1225001C4E32 /* Player.swift in Sources */,
				778656B11C3C1225001C4E32 /* Collectable.swift in Sources */,
				A71620951C439318003C1EE3 /* CollectableManager.swift in Sources */,
				778656B21C3C1225001C4E32 /* PlayerTiles.swift in Sources */,
				A71AA1761C3FE61B00BC484E /* SingleplayerGame.swift in Sources */,
				A7F7AADB1C3EC3710031E3A9 /* GameView.swift in Sources */,
				778656B31C3C1225001C4E32 /* GameOverNode.swift in Sources */,
				778656B41C3C1225001C4E32 /* PrepareGameNode.swift in Sources */,
				7786569C1C3C1027001C4E32 /* GameViewController.swift in Sources */,
				A71926B61C41087A0094DED8 /* GameKitManagerTv.swift in Sources */,
				778656961C3C1027001C4E32 /* AppDelegate.swift in Sources */,
				A71620991C439DEF003C1EE3 /* ItemGrow.swift in Sources */,
				A716209C1C439E09003C1EE3 /* ItemIncSpeed.swift in Sources */,
			);
			runOnlyForDeploymentPostprocessing = 0;
		};
/* End PBXSourcesBuildPhase section */

/* Begin PBXVariantGroup section */
		774666D61C2D74D10043B095 /* MainMenu.xib */ = {
			isa = PBXVariantGroup;
			children = (
				774666D71C2D74D10043B095 /* Base */,
			);
			name = MainMenu.xib;
			path = Wormaze;
			sourceTree = "<group>";
		};
		7786569F1C3C1027001C4E32 /* Main.storyboard */ = {
			isa = PBXVariantGroup;
			children = (
				778656A01C3C1027001C4E32 /* Base */,
			);
			name = Main.storyboard;
			sourceTree = "<group>";
		};
/* End PBXVariantGroup section */

/* Begin XCBuildConfiguration section */
		774666DA1C2D74D10043B095 /* Debug */ = {
			isa = XCBuildConfiguration;
			buildSettings = {
				ALWAYS_SEARCH_USER_PATHS = NO;
				CLANG_CXX_LANGUAGE_STANDARD = "gnu++0x";
				CLANG_CXX_LIBRARY = "libc++";
				CLANG_ENABLE_MODULES = YES;
				CLANG_ENABLE_OBJC_ARC = YES;
				CLANG_WARN_BOOL_CONVERSION = YES;
				CLANG_WARN_CONSTANT_CONVERSION = YES;
				CLANG_WARN_DIRECT_OBJC_ISA_USAGE = YES_ERROR;
				CLANG_WARN_EMPTY_BODY = YES;
				CLANG_WARN_ENUM_CONVERSION = YES;
				CLANG_WARN_INT_CONVERSION = YES;
				CLANG_WARN_OBJC_ROOT_CLASS = YES_ERROR;
				CLANG_WARN_UNREACHABLE_CODE = YES;
				CLANG_WARN__DUPLICATE_METHOD_MATCH = YES;
				CODE_SIGN_IDENTITY = "-";
				COPY_PHASE_STRIP = NO;
				DEBUG_INFORMATION_FORMAT = "dwarf-with-dsym";
				ENABLE_STRICT_OBJC_MSGSEND = YES;
				ENABLE_TESTABILITY = YES;
				GCC_C_LANGUAGE_STANDARD = gnu99;
				GCC_DYNAMIC_NO_PIC = NO;
				GCC_NO_COMMON_BLOCKS = YES;
				GCC_OPTIMIZATION_LEVEL = 0;
				GCC_PREPROCESSOR_DEFINITIONS = (
					"DEBUG=1",
					"$(inherited)",
				);
				GCC_WARN_64_TO_32_BIT_CONVERSION = YES;
				GCC_WARN_ABOUT_RETURN_TYPE = YES_ERROR;
				GCC_WARN_UNDECLARED_SELECTOR = YES;
				GCC_WARN_UNINITIALIZED_AUTOS = YES_AGGRESSIVE;
				GCC_WARN_UNUSED_FUNCTION = YES;
				GCC_WARN_UNUSED_VARIABLE = YES;
				MACOSX_DEPLOYMENT_TARGET = 10.11;
				MTL_ENABLE_DEBUG_INFO = YES;
				ONLY_ACTIVE_ARCH = YES;
				SDKROOT = macosx;
				SWIFT_OPTIMIZATION_LEVEL = "-Onone";
				SYMROOT = build;
			};
			name = Debug;
		};
		774666DB1C2D74D10043B095 /* Release */ = {
			isa = XCBuildConfiguration;
			buildSettings = {
				ALWAYS_SEARCH_USER_PATHS = NO;
				CLANG_CXX_LANGUAGE_STANDARD = "gnu++0x";
				CLANG_CXX_LIBRARY = "libc++";
				CLANG_ENABLE_MODULES = YES;
				CLANG_ENABLE_OBJC_ARC = YES;
				CLANG_WARN_BOOL_CONVERSION = YES;
				CLANG_WARN_CONSTANT_CONVERSION = YES;
				CLANG_WARN_DIRECT_OBJC_ISA_USAGE = YES_ERROR;
				CLANG_WARN_EMPTY_BODY = YES;
				CLANG_WARN_ENUM_CONVERSION = YES;
				CLANG_WARN_INT_CONVERSION = YES;
				CLANG_WARN_OBJC_ROOT_CLASS = YES_ERROR;
				CLANG_WARN_UNREACHABLE_CODE = YES;
				CLANG_WARN__DUPLICATE_METHOD_MATCH = YES;
				CODE_SIGN_IDENTITY = "-";
				COPY_PHASE_STRIP = NO;
				DEBUG_INFORMATION_FORMAT = "dwarf-with-dsym";
				ENABLE_NS_ASSERTIONS = NO;
				ENABLE_STRICT_OBJC_MSGSEND = YES;
				GCC_C_LANGUAGE_STANDARD = gnu99;
				GCC_NO_COMMON_BLOCKS = YES;
				GCC_WARN_64_TO_32_BIT_CONVERSION = YES;
				GCC_WARN_ABOUT_RETURN_TYPE = YES_ERROR;
				GCC_WARN_UNDECLARED_SELECTOR = YES;
				GCC_WARN_UNINITIALIZED_AUTOS = YES_AGGRESSIVE;
				GCC_WARN_UNUSED_FUNCTION = YES;
				GCC_WARN_UNUSED_VARIABLE = YES;
				MACOSX_DEPLOYMENT_TARGET = 10.11;
				MTL_ENABLE_DEBUG_INFO = NO;
				SDKROOT = macosx;
				SYMROOT = build;
			};
			name = Release;
		};
		774666DD1C2D74D10043B095 /* Debug */ = {
			isa = XCBuildConfiguration;
			buildSettings = {
				ASSETCATALOG_COMPILER_APPICON_NAME = AppIcon;
				CODE_SIGN_ENTITLEMENTS = "Wormazing-osx/Wormazing.entitlements";
				CODE_SIGN_IDENTITY = "Mac Developer";
				"CODE_SIGN_IDENTITY[sdk=macosx*]" = "Mac Developer";
				COMBINE_HIDPI_IMAGES = YES;
				INFOPLIST_FILE = Wormaze/Info.plist;
				LD_RUNPATH_SEARCH_PATHS = "$(inherited) @executable_path/../Frameworks";
				PRODUCT_BUNDLE_IDENTIFIER = "com.oliverbrehm-apps.Wormazing-osx";
				PRODUCT_NAME = Wormazing;
				PROVISIONING_PROFILE = "";
			};
			name = Debug;
		};
		774666DE1C2D74D10043B095 /* Release */ = {
			isa = XCBuildConfiguration;
			buildSettings = {
				ASSETCATALOG_COMPILER_APPICON_NAME = AppIcon;
				CODE_SIGN_ENTITLEMENTS = "Wormazing-osx/Wormazing.entitlements";
				CODE_SIGN_IDENTITY = "Mac Developer";
				"CODE_SIGN_IDENTITY[sdk=macosx*]" = "Mac Developer";
				COMBINE_HIDPI_IMAGES = YES;
				INFOPLIST_FILE = Wormaze/Info.plist;
				LD_RUNPATH_SEARCH_PATHS = "$(inherited) @executable_path/../Frameworks";
				PRODUCT_BUNDLE_IDENTIFIER = "com.oliverbrehm-apps.Wormazing-osx";
				PRODUCT_NAME = Wormazing;
				PROVISIONING_PROFILE = "";
			};
			name = Release;
		};
		778656A51C3C1027001C4E32 /* Debug */ = {
			isa = XCBuildConfiguration;
			buildSettings = {
				ASSETCATALOG_COMPILER_APPICON_NAME = "App Icon & Top Shelf Image";
				ASSETCATALOG_COMPILER_LAUNCHIMAGE_NAME = LaunchImage;
				CODE_SIGN_IDENTITY = "iPhone Developer";
				"CODE_SIGN_IDENTITY[sdk=appletvos*]" = "iPhone Developer";
				EMBEDDED_CONTENT_CONTAINS_SWIFT = YES;
				INFOPLIST_FILE = "Wormazing-tv/Info.plist";
				LD_RUNPATH_SEARCH_PATHS = "$(inherited) @executable_path/Frameworks";
				PRODUCT_BUNDLE_IDENTIFIER = "com.oliverbrehm-apps.Wormazing-tv";
				PRODUCT_NAME = "$(TARGET_NAME)";
				PROVISIONING_PROFILE = "";
				SDKROOT = appletvos;
				TARGETED_DEVICE_FAMILY = 3;
				TVOS_DEPLOYMENT_TARGET = 9.0;
			};
			name = Debug;
		};
		778656A61C3C1027001C4E32 /* Release */ = {
			isa = XCBuildConfiguration;
			buildSettings = {
				ASSETCATALOG_COMPILER_APPICON_NAME = "App Icon & Top Shelf Image";
				ASSETCATALOG_COMPILER_LAUNCHIMAGE_NAME = LaunchImage;
				CODE_SIGN_IDENTITY = "iPhone Developer";
				"CODE_SIGN_IDENTITY[sdk=appletvos*]" = "iPhone Developer";
				EMBEDDED_CONTENT_CONTAINS_SWIFT = YES;
				INFOPLIST_FILE = "Wormazing-tv/Info.plist";
				LD_RUNPATH_SEARCH_PATHS = "$(inherited) @executable_path/Frameworks";
				PRODUCT_BUNDLE_IDENTIFIER = "com.oliverbrehm-apps.Wormazing-tv";
				PRODUCT_NAME = "$(TARGET_NAME)";
				PROVISIONING_PROFILE = "";
				SDKROOT = appletvos;
				TARGETED_DEVICE_FAMILY = 3;
				TVOS_DEPLOYMENT_TARGET = 9.0;
				VALIDATE_PRODUCT = YES;
			};
			name = Release;
		};
/* End XCBuildConfiguration section */

/* Begin XCConfigurationList section */
		774666C61C2D74D10043B095 /* Build configuration list for PBXProject "Wormazing" */ = {
			isa = XCConfigurationList;
			buildConfigurations = (
				774666DA1C2D74D10043B095 /* Debug */,
				774666DB1C2D74D10043B095 /* Release */,
			);
			defaultConfigurationIsVisible = 0;
			defaultConfigurationName = Release;
		};
		774666DC1C2D74D10043B095 /* Build configuration list for PBXNativeTarget "Wormazing-osx" */ = {
			isa = XCConfigurationList;
			buildConfigurations = (
				774666DD1C2D74D10043B095 /* Debug */,
				774666DE1C2D74D10043B095 /* Release */,
			);
			defaultConfigurationIsVisible = 0;
			defaultConfigurationName = Release;
		};
		778656A71C3C1027001C4E32 /* Build configuration list for PBXNativeTarget "Wormazing-tv" */ = {
			isa = XCConfigurationList;
			buildConfigurations = (
				778656A51C3C1027001C4E32 /* Debug */,
				778656A61C3C1027001C4E32 /* Release */,
			);
			defaultConfigurationIsVisible = 0;
			defaultConfigurationName = Release;
		};
/* End XCConfigurationList section */
	};
	rootObject = 774666C31C2D74D10043B095 /* Project object */;
}
